
Microsoft Visual Studio Solution File, Format Version 12.00
# Visual Studio Version 16
VisualStudioVersion = 16.0.31410.357
MinimumVisualStudioVersion = 10.0.40219.1
Project("{9A19103F-16F7-4668-BE54-9A1E7A4F7556}") = "WebAPI.Core", "WebAPI.Core\WebAPI.Core.csproj", "{F43730C1-A6CE-4D9C-8E4E-A3FB894CF97A}"
EndProject
Project("{9A19103F-16F7-4668-BE54-9A1E7A4F7556}") = "WebAPI.DAL", "WebAPI.DAL\WebAPI.DAL.csproj", "{0DEE0E44-3186-4B5B-B138-D20FA719BBCD}"
EndProject
Project("{FAE04EC0-301F-11D3-BF4B-00C04F79EFBC}") = "WebAPI.API", "WebAPI.API\WebAPI.API.csproj", "{C22AF868-F06B-44C0-A54D-FCF22281E792}"
EndProject
Global
	GlobalSection(SolutionConfigurationPlatforms) = preSolution
		Debug|Any CPU = Debug|Any CPU
		Release|Any CPU = Release|Any CPU
	EndGlobalSection
	GlobalSection(ProjectConfigurationPlatforms) = postSolution
		{F43730C1-A6CE-4D9C-8E4E-A3FB894CF97A}.Debug|Any CPU.ActiveCfg = Debug|Any CPU
		{F43730C1-A6CE-4D9C-8E4E-A3FB894CF97A}.Debug|Any CPU.Build.0 = Debug|Any CPU
		{F43730C1-A6CE-4D9C-8E4E-A3FB894CF97A}.Release|Any CPU.ActiveCfg = Release|Any CPU
		{F43730C1-A6CE-4D9C-8E4E-A3FB894CF97A}.Release|Any CPU.Build.0 = Release|Any CPU
		{0DEE0E44-3186-4B5B-B138-D20FA719BBCD}.Debug|Any CPU.ActiveCfg = Debug|Any CPU
		{0DEE0E44-3186-4B5B-B138-D20FA719BBCD}.Debug|Any CPU.Build.0 = Debug|Any CPU
		{0DEE0E44-3186-4B5B-B138-D20FA719BBCD}.Release|Any CPU.ActiveCfg = Release|Any CPU
		{0DEE0E44-3186-4B5B-B138-D20FA719BBCD}.Release|Any CPU.Build.0 = Release|Any CPU
		{C22AF868-F06B-44C0-A54D-FCF22281E792}.Debug|Any CPU.ActiveCfg = Debug|Any CPU
		{C22AF868-F06B-44C0-A54D-FCF22281E792}.Debug|Any CPU.Build.0 = Debug|Any CPU
		{C22AF868-F06B-44C0-A54D-FCF22281E792}.Release|Any CPU.ActiveCfg = Release|Any CPU
		{C22AF868-F06B-44C0-A54D-FCF22281E792}.Release|Any CPU.Build.0 = Release|Any CPU
	EndGlobalSection
	GlobalSection(SolutionProperties) = preSolution
		HideSolutionNode = FALSE
	EndGlobalSection
	GlobalSection(ExtensibilityGlobals) = postSolution
		SolutionGuid = {149A229A-6E6D-43B6-8932-0FC830DBFF91}
	EndGlobalSection
EndGlobal
